
Microsoft Visual Studio Solution File, Format Version 11.00
# Visual Studio 2010
Project("{FAE04EC0-301F-11D3-BF4B-00C04F79EFBC}") = "ZhiHuSpider.Service", "ZhiHuSpiderService\ZhiHuSpider.Service.csproj", "{3658160F-1789-439E-9AB5-F44662974515}"
EndProject
Project("{FAE04EC0-301F-11D3-BF4B-00C04F79EFBC}") = "ZhiHuSpider.Business", "ZhiHuSpider.Business\ZhiHuSpider.Business.csproj", "{E428C25B-FDD2-471E-967F-ED9360AE223F}"
EndProject
Project("{FAE04EC0-301F-11D3-BF4B-00C04F79EFBC}") = "ZhiHuSpider.DataBase", "ZhiHuSpider.DataBase\ZhiHuSpider.DataBase.csproj", "{3D468574-C2A8-4033-877F-D5D3A50012D6}"
EndProject
Project("{FAE04EC0-301F-11D3-BF4B-00C04F79EFBC}") = "ZhiHuSpider.MongoDataBase", "ZhiHuSpider.MongoDataBase\ZhiHuSpider.MongoDataBase.csproj", "{EFFB9173-797A-497F-A1C9-D61002AFBBFB}"
EndProject
Project("{FAE04EC0-301F-11D3-BF4B-00C04F79EFBC}") = "ZhiHuSpider.MongoBusiness", "ZhiHuSpider.MongoBusiness\ZhiHuSpider.MongoBusiness.csproj", "{4B287AA1-4784-49FC-BDBD-848BD3596DF4}"
EndProject
Global
	GlobalSection(SolutionConfigurationPlatforms) = preSolution
		Debug|Any CPU = Debug|Any CPU
		Debug|Mixed Platforms = Debug|Mixed Platforms
		Debug|x86 = Debug|x86
		Release|Any CPU = Release|Any CPU
		Release|Mixed Platforms = Release|Mixed Platforms
		Release|x86 = Release|x86
	EndGlobalSection
	GlobalSection(ProjectConfigurationPlatforms) = postSolution
		{3658160F-1789-439E-9AB5-F44662974515}.Debug|Any CPU.ActiveCfg = Debug|x86
		{3658160F-1789-439E-9AB5-F44662974515}.Debug|Mixed Platforms.ActiveCfg = Debug|x86
		{3658160F-1789-439E-9AB5-F44662974515}.Debug|Mixed Platforms.Build.0 = Debug|x86
		{3658160F-1789-439E-9AB5-F44662974515}.Debug|x86.ActiveCfg = Debug|x86
		{3658160F-1789-439E-9AB5-F44662974515}.Debug|x86.Build.0 = Debug|x86
		{3658160F-1789-439E-9AB5-F44662974515}.Release|Any CPU.ActiveCfg = Release|x86
		{3658160F-1789-439E-9AB5-F44662974515}.Release|Mixed Platforms.ActiveCfg = Release|x86
		{3658160F-1789-439E-9AB5-F44662974515}.Release|Mixed Platforms.Build.0 = Release|x86
		{3658160F-1789-439E-9AB5-F44662974515}.Release|x86.ActiveCfg = Release|x86
		{3658160F-1789-439E-9AB5-F44662974515}.Release|x86.Build.0 = Release|x86
		{E428C25B-FDD2-471E-967F-ED9360AE223F}.Debug|Any CPU.ActiveCfg = Debug|Any CPU
		{E428C25B-FDD2-471E-967F-ED9360AE223F}.Debug|Any CPU.Build.0 = Debug|Any CPU
		{E428C25B-FDD2-471E-967F-ED9360AE223F}.Debug|Mixed Platforms.ActiveCfg = Debug|Any CPU
		{E428C25B-FDD2-471E-967F-ED9360AE223F}.Debug|Mixed Platforms.Build.0 = Debug|Any CPU
		{E428C25B-FDD2-471E-967F-ED9360AE223F}.Debug|x86.ActiveCfg = Debug|Any CPU
		{E428C25B-FDD2-471E-967F-ED9360AE223F}.Release|Any CPU.ActiveCfg = Release|Any CPU
		{E428C25B-FDD2-471E-967F-ED9360AE223F}.Release|Any CPU.Build.0 = Release|Any CPU
		{E428C25B-FDD2-471E-967F-ED9360AE223F}.Release|Mixed Platforms.ActiveCfg = Release|Any CPU
		{E428C25B-FDD2-471E-967F-ED9360AE223F}.Release|Mixed Platforms.Build.0 = Release|Any CPU
		{E428C25B-FDD2-471E-967F-ED9360AE223F}.Release|x86.ActiveCfg = Release|Any CPU
		{3D468574-C2A8-4033-877F-D5D3A50012D6}.Debug|Any CPU.ActiveCfg = Debug|Any CPU
		{3D468574-C2A8-4033-877F-D5D3A50012D6}.Debug|Any CPU.Build.0 = Debug|Any CPU
		{3D468574-C2A8-4033-877F-D5D3A50012D6}.Debug|Mixed Platforms.ActiveCfg = Debug|Any CPU
		{3D468574-C2A8-4033-877F-D5D3A50012D6}.Debug|Mixed Platforms.Build.0 = Debug|Any CPU
		{3D468574-C2A8-4033-877F-D5D3A50012D6}.Debug|x86.ActiveCfg = Debug|Any CPU
		{3D468574-C2A8-4033-877F-D5D3A50012D6}.Release|Any CPU.ActiveCfg = Release|Any CPU
		{3D468574-C2A8-4033-877F-D5D3A50012D6}.Release|Any CPU.Build.0 = Release|Any CPU
		{3D468574-C2A8-4033-877F-D5D3A50012D6}.Release|Mixed Platforms.ActiveCfg = Release|Any CPU
		{3D468574-C2A8-4033-877F-D5D3A50012D6}.Release|Mixed Platforms.Build.0 = Release|Any CPU
		{3D468574-C2A8-4033-877F-D5D3A50012D6}.Release|x86.ActiveCfg = Release|Any CPU
		{EFFB9173-797A-497F-A1C9-D61002AFBBFB}.Debug|Any CPU.ActiveCfg = Debug|Any CPU
		{EFFB9173-797A-497F-A1C9-D61002AFBBFB}.Debug|Any CPU.Build.0 = Debug|Any CPU
		{EFFB9173-797A-497F-A1C9-D61002AFBBFB}.Debug|Mixed Platforms.ActiveCfg = Debug|Any CPU
		{EFFB9173-797A-497F-A1C9-D61002AFBBFB}.Debug|Mixed Platforms.Build.0 = Debug|Any CPU
		{EFFB9173-797A-497F-A1C9-D61002AFBBFB}.Debug|x86.ActiveCfg = Debug|Any CPU
		{EFFB9173-797A-497F-A1C9-D61002AFBBFB}.Release|Any CPU.ActiveCfg = Release|Any CPU
		{EFFB9173-797A-497F-A1C9-D61002AFBBFB}.Release|Any CPU.Build.0 = Release|Any CPU
		{EFFB9173-797A-497F-A1C9-D61002AFBBFB}.Release|Mixed Platforms.ActiveCfg = Release|Any CPU
		{EFFB9173-797A-497F-A1C9-D61002AFBBFB}.Release|Mixed Platforms.Build.0 = Release|Any CPU
		{EFFB9173-797A-497F-A1C9-D61002AFBBFB}.Release|x86.ActiveCfg = Release|Any CPU
		{4B287AA1-4784-49FC-BDBD-848BD3596DF4}.Debug|Any CPU.ActiveCfg = Debug|Any CPU
		{4B287AA1-4784-49FC-BDBD-848BD3596DF4}.Debug|Any CPU.Build.0 = Debug|Any CPU
		{4B287AA1-4784-49FC-BDBD-848BD3596DF4}.Debug|Mixed Platforms.ActiveCfg = Debug|Any CPU
		{4B287AA1-4784-49FC-BDBD-848BD3596DF4}.Debug|Mixed Platforms.Build.0 = Debug|Any CPU
		{4B287AA1-4784-49FC-BDBD-848BD3596DF4}.Debug|x86.ActiveCfg = Debug|Any CPU
		{4B287AA1-4784-49FC-BDBD-848BD3596DF4}.Release|Any CPU.ActiveCfg = Release|Any CPU
		{4B287AA1-4784-49FC-BDBD-848BD3596DF4}.Release|Any CPU.Build.0 = Release|Any CPU
		{4B287AA1-4784-49FC-BDBD-848BD3596DF4}.Release|Mixed Platforms.ActiveCfg = Release|Any CPU
		{4B287AA1-4784-49FC-BDBD-848BD3596DF4}.Release|Mixed Platforms.Build.0 = Release|Any CPU
		{4B287AA1-4784-49FC-BDBD-848BD3596DF4}.Release|x86.ActiveCfg = Release|Any CPU
	EndGlobalSection
	GlobalSection(SolutionProperties) = preSolution
		HideSolutionNode = FALSE
	EndGlobalSection
EndGlobal
